{
	"name": "@planetar/doc-builder",
	"version": "0.4.3",
	"lockfileVersion": 2,
	"requires": true,
	"packages": {
		"": {
			"name": "@planetar/doc-builder",
			"version": "0.3.9",
			"license": "MIT",
			"dependencies": {
				"case-anything": "^1.1.2",
				"map-anything": "^1.0.1",
				"vue-scrollactive": "^0.9.3"
			}
		},
		"node_modules/bezier-easing": {
			"version": "2.1.0",
			"resolved": "https://registry.npmjs.org/bezier-easing/-/bezier-easing-2.1.0.tgz",
			"integrity": "sha1-wE3+i5JtbsrKGBPWn/F5t8ICXYY="
		},
		"node_modules/case-anything": {
			"version": "1.1.2",
			"resolved": "https://registry.npmjs.org/case-anything/-/case-anything-1.1.2.tgz",
			"integrity": "sha512-rPRbQJ5amW9wKZTlRHErLBZwWr4mWO6WhTkrlLp0XdI/i4JrhLv2wahg5jgmn5Rm2fOUjlmMz6DUH4mnUfWkow=="
		},
		"node_modules/map-anything": {
			"version": "1.0.1",
			"resolved": "https://registry.npmjs.org/map-anything/-/map-anything-1.0.1.tgz",
			"integrity": "sha512-18mIcHQBVz9XpvvtunDzxX+qZmnEbXiuPWCev5FBKTb7F+jQFCKI9V+J5zw42EQvicz3Xly3o0s5w9He8oJQXQ=="
		},
		"node_modules/vue-scrollactive": {
			"version": "0.9.3",
			"resolved": "https://registry.npmjs.org/vue-scrollactive/-/vue-scrollactive-0.9.3.tgz",
			"integrity": "sha512-W7Z2EQGDjnvgZ4h+/bpRVjiVU3bKWQDmT9f0bUL+zq3C/VSZaQiQ+qzWlMYDEpJbm13wJ6KIE6ry3HKLVyU4cQ==",
			"dependencies": {
				"bezier-easing": "^2.0.3"
			}
		}
	},
	"dependencies": {
		"bezier-easing": {
			"version": "2.1.0",
			"resolved": "https://registry.npmjs.org/bezier-easing/-/bezier-easing-2.1.0.tgz",
			"integrity": "sha1-wE3+i5JtbsrKGBPWn/F5t8ICXYY="
		},
		"case-anything": {
			"version": "1.1.2",
			"resolved": "https://registry.npmjs.org/case-anything/-/case-anything-1.1.2.tgz",
			"integrity": "sha512-rPRbQJ5amW9wKZTlRHErLBZwWr4mWO6WhTkrlLp0XdI/i4JrhLv2wahg5jgmn5Rm2fOUjlmMz6DUH4mnUfWkow=="
		},
		"map-anything": {
			"version": "1.0.1",
			"resolved": "https://registry.npmjs.org/map-anything/-/map-anything-1.0.1.tgz",
			"integrity": "sha512-18mIcHQBVz9XpvvtunDzxX+qZmnEbXiuPWCev5FBKTb7F+jQFCKI9V+J5zw42EQvicz3Xly3o0s5w9He8oJQXQ=="
		},
		"vue-scrollactive": {
			"version": "0.9.3",
			"resolved": "https://registry.npmjs.org/vue-scrollactive/-/vue-scrollactive-0.9.3.tgz",
			"integrity": "sha512-W7Z2EQGDjnvgZ4h+/bpRVjiVU3bKWQDmT9f0bUL+zq3C/VSZaQiQ+qzWlMYDEpJbm13wJ6KIE6ry3HKLVyU4cQ==",
			"requires": {
				"bezier-easing": "^2.0.3"
			}
		}
	}
}
