{
	"name": "@planetar/markdown",
	"version": "0.3.3",
	"lockfileVersion": 1,
	"requires": true,
	"dependencies": {
		"clipboard": {
			"version": "2.0.6",
			"resolved": "https://registry.npmjs.org/clipboard/-/clipboard-2.0.6.tgz",
			"integrity": "sha512-g5zbiixBRk/wyKakSwCKd7vQXDjFnAMGHoEyBogG/bw9kTD9GvdAvaoRR1ALcEzt3pVKxZR0pViekPMIS0QyGg==",
			"optional": true,
			"requires": {
				"good-listener": "^1.2.2",
				"select": "^1.1.2",
				"tiny-emitter": "^2.0.0"
			}
		},
		"delegate": {
			"version": "3.2.0",
			"resolved": "https://registry.npmjs.org/delegate/-/delegate-3.2.0.tgz",
			"integrity": "sha512-IofjkYBZaZivn0V8nnsMJGBr4jVLxHDheKSW88PyxS5QC4Vo9ZbZVvhzlSxY87fVq3STR6r+4cGepyHkcWOQSw==",
			"optional": true
		},
		"good-listener": {
			"version": "1.2.2",
			"resolved": "https://registry.npmjs.org/good-listener/-/good-listener-1.2.2.tgz",
			"integrity": "sha1-1TswzfkxPf+33JoNR3CWqm0UXFA=",
			"optional": true,
			"requires": {
				"delegate": "^3.1.2"
			}
		},
		"is-what": {
			"version": "3.11.2",
			"resolved": "https://registry.npmjs.org/is-what/-/is-what-3.11.2.tgz",
			"integrity": "sha512-m7LzBsC9TqUhkBrozSmmWfVO7VYnjk9UHu0U+Y8BiJRnc1TYIK/3Qv4DteuiBpn2S4K7n3N4WNC4pe6wEx2xYg=="
		},
		"prismjs": {
			"version": "1.21.0",
			"resolved": "https://registry.npmjs.org/prismjs/-/prismjs-1.21.0.tgz",
			"integrity": "sha512-uGdSIu1nk3kej2iZsLyDoJ7e9bnPzIgY0naW/HdknGj61zScaprVEVGHrPoXqI+M9sP0NDnTK2jpkvmldpuqDw==",
			"requires": {
				"clipboard": "^2.0.0"
			}
		},
		"quasar": {
			"version": "1.14.1",
			"resolved": "https://registry.npmjs.org/quasar/-/quasar-1.14.1.tgz",
			"integrity": "sha512-SRv5VbFd/rhKiZjS/jm3yPpe8rYlccin+rI7hyzz7caIBV1nn8+Y20Wf3elm7GjShq5Fj8qmRaGcWmEWXOS+mA=="
		},
		"select": {
			"version": "1.1.2",
			"resolved": "https://registry.npmjs.org/select/-/select-1.1.2.tgz",
			"integrity": "sha1-DnNQrN7ICxEIUoeG7B1EGNEbOW0=",
			"optional": true
		},
		"snarkdown": {
			"version": "2.0.0",
			"resolved": "https://registry.npmjs.org/snarkdown/-/snarkdown-2.0.0.tgz",
			"integrity": "sha512-MgL/7k/AZdXCTJiNgrO7chgDqaB9FGM/1Tvlcenenb7div6obaDATzs16JhFyHHBGodHT3B7RzRc5qk8pFhg3A=="
		},
		"tiny-emitter": {
			"version": "2.1.0",
			"resolved": "https://registry.npmjs.org/tiny-emitter/-/tiny-emitter-2.1.0.tgz",
			"integrity": "sha512-NB6Dk1A9xgQPMoGqC5CVXn123gWyte215ONT5Pp5a0yt4nlEoO1ZWeCwpncaekPHXO60i47ihFnZPiRPjRMq4Q==",
			"optional": true
		}
	}
}
