{
  "name": "@planetar/example-card",
  "version": "0.5.1",
  "lockfileVersion": 1,
  "requires": true,
  "dependencies": {
    "case-anything": {
      "version": "1.1.2",
      "resolved": "https://registry.npmjs.org/case-anything/-/case-anything-1.1.2.tgz",
      "integrity": "sha512-rPRbQJ5amW9wKZTlRHErLBZwWr4mWO6WhTkrlLp0XdI/i4JrhLv2wahg5jgmn5Rm2fOUjlmMz6DUH4mnUfWkow=="
    }
  }
}
