{
  "name": "@planetar/api-card",
  "version": "0.6.0",
  "lockfileVersion": 1,
  "requires": true,
  "dependencies": {
    "@vue/composition-api": {
      "version": "0.3.4",
      "resolved": "https://registry.npmjs.org/@vue/composition-api/-/composition-api-0.3.4.tgz",
      "integrity": "sha512-aMbg/pEk0PSQAIFyWWLqbAmaCCTx1kFq+49KZslIBJH9Wqos7eEPLtMv4gGxd/EcciBIgfbtUXaXGg/O3mheRA==",
      "requires": {
        "tslib": "^1.9.3"
      }
    },
    "case-anything": {
      "version": "1.1.2",
      "resolved": "https://registry.npmjs.org/case-anything/-/case-anything-1.1.2.tgz",
      "integrity": "sha512-rPRbQJ5amW9wKZTlRHErLBZwWr4mWO6WhTkrlLp0XdI/i4JrhLv2wahg5jgmn5Rm2fOUjlmMz6DUH4mnUfWkow=="
    },
    "commafy-anything": {
      "version": "1.1.3",
      "resolved": "https://registry.npmjs.org/commafy-anything/-/commafy-anything-1.1.3.tgz",
      "integrity": "sha512-bDSOvZwh7wQmeqQ/0kzXLeBou/9HKnzJZyEc6gGRBvUn4oLhCdmI3bQ4un82F9xr4lSI5VRjrx0bsLAVimh5xg=="
    },
    "copy-anything": {
      "version": "1.6.0",
      "resolved": "https://registry.npmjs.org/copy-anything/-/copy-anything-1.6.0.tgz",
      "integrity": "sha512-ZEEDP2ciuSqBME5PfiiStiv51wdwTMC57c9+a+HWPuvJqR6VjhpaFccNbdzXtQdAfSDIS+ydQe6MTg1gbfDPOA==",
      "requires": {
        "is-what": "^3.6.0"
      }
    },
    "fast-sort": {
      "version": "2.2.0",
      "resolved": "https://registry.npmjs.org/fast-sort/-/fast-sort-2.2.0.tgz",
      "integrity": "sha512-W7zqnn2zsYoQA87FKmYtgOsbJohOrh7XrtZrCVHN5XZKqTBTv5UG+rSS3+iWbg/nepRQUOu+wnas8BwtK8kiCg=="
    },
    "filter-anything": {
      "version": "1.1.5",
      "resolved": "https://registry.npmjs.org/filter-anything/-/filter-anything-1.1.5.tgz",
      "integrity": "sha512-upMixYadKUG9uTuUDfpy0tlg9VSlyKxuqnNU/GdwIujDxJKSB57YovaBMElRrniOnCjIBJv70QRVvh5Jg3sC2A==",
      "requires": {
        "is-what": "^3.4.0"
      }
    },
    "flatten-anything": {
      "version": "1.4.1",
      "resolved": "https://registry.npmjs.org/flatten-anything/-/flatten-anything-1.4.1.tgz",
      "integrity": "sha512-FWBB52h5ecu5jVv9A8cf6Z5ogXgqedrsfbagpgjO0QhdoayPEu/so2EQCY9QBAunKPYWA/zQaOLn4nYlLzywdg==",
      "requires": {
        "filter-anything": "^1.1.4",
        "is-what": "^3.3.1"
      }
    },
    "is-what": {
      "version": "3.11.2",
      "resolved": "https://registry.npmjs.org/is-what/-/is-what-3.11.2.tgz",
      "integrity": "sha512-m7LzBsC9TqUhkBrozSmmWfVO7VYnjk9UHu0U+Y8BiJRnc1TYIK/3Qv4DteuiBpn2S4K7n3N4WNC4pe6wEx2xYg=="
    },
    "json5": {
      "version": "2.1.3",
      "resolved": "https://registry.npmjs.org/json5/-/json5-2.1.3.tgz",
      "integrity": "sha512-KXPvOm8K9IJKFM0bmdn8QXh7udDh1g/giieX0NLCaMnb4hEiVFqnop2ImTXCc5e0/oHz3LTqmHGtExn5hfMkOA==",
      "requires": {
        "minimist": "^1.2.5"
      }
    },
    "map-anything": {
      "version": "1.0.0",
      "resolved": "https://registry.npmjs.org/map-anything/-/map-anything-1.0.0.tgz",
      "integrity": "sha512-XDPVkIwzaMFs1hvhx8SdsjGLM5Si2VtdKREtAoW1S+H6FZkLYFJ7giHT+hEA6OFoe0y3Zq7v+dhSpEsPI7OR5Q=="
    },
    "merge-anything": {
      "version": "3.0.6",
      "resolved": "https://registry.npmjs.org/merge-anything/-/merge-anything-3.0.6.tgz",
      "integrity": "sha512-99R1BLqTsYxxQZFsWti71NWawIrP2zgRaJwxARpEZI7XV92PUih6ISgjMaZZwcGzsnAeu1eUwRSli/ec/O3Fug==",
      "requires": {
        "is-what": "^3.11.2",
        "ts-toolbelt": "^8.0.6"
      }
    },
    "minimist": {
      "version": "1.2.5",
      "resolved": "https://registry.npmjs.org/minimist/-/minimist-1.2.5.tgz",
      "integrity": "sha512-FM9nNUYrRBAELZQT3xeZQ7fmMOBg6nWNmJKTcgsJeaLstP/UODVpGsr5OhXhhXg6f+qtJ8uiZ+PUxkDWcgIXLw=="
    },
    "nestify-anything": {
      "version": "0.0.0",
      "resolved": "https://registry.npmjs.org/nestify-anything/-/nestify-anything-0.0.0.tgz",
      "integrity": "sha512-rF3ECHCb/28XO7YSyDsyf9fs7laegG4MwO/Nkf8fC+MTsYJ03b9cLfnk3TV2vCc6tOyVBzKo7h1Owd+NFbjeMA==",
      "requires": {
        "merge-anything": "^2.4.0"
      },
      "dependencies": {
        "merge-anything": {
          "version": "2.4.4",
          "resolved": "https://registry.npmjs.org/merge-anything/-/merge-anything-2.4.4.tgz",
          "integrity": "sha512-l5XlriUDJKQT12bH+rVhAHjwIuXWdAIecGwsYjv2LJo+dA1AeRTmeQS+3QBpO6lEthBMDi2IUMpLC1yyRvGlwQ==",
          "requires": {
            "is-what": "^3.3.1"
          }
        }
      }
    },
    "quasar": {
      "version": "1.14.1",
      "resolved": "https://registry.npmjs.org/quasar/-/quasar-1.14.1.tgz",
      "integrity": "sha512-SRv5VbFd/rhKiZjS/jm3yPpe8rYlccin+rI7hyzz7caIBV1nn8+Y20Wf3elm7GjShq5Fj8qmRaGcWmEWXOS+mA=="
    },
    "quasar-ui-easy-forms": {
      "version": "2.4.1",
      "resolved": "https://registry.npmjs.org/quasar-ui-easy-forms/-/quasar-ui-easy-forms-2.4.1.tgz",
      "integrity": "sha512-7IjcGXpkqabLcslyGQZetT3Et08mCMeqU/ig711kwhBHfBEhV8j6ODYrci7bbvjsDSYmSAHqzBAyiqNQtEIdpw==",
      "requires": {
        "@vue/composition-api": "^0.3.4",
        "case-anything": "0.0.1",
        "commafy-anything": "^1.1.3",
        "copy-anything": "^1.6.0",
        "flatten-anything": "^1.4.1",
        "is-what": "^3.8.0",
        "merge-anything": "^2.4.4",
        "nestify-anything": "0.0.0",
        "snarkdown": "github:mesqueeb/snarkdown#dist"
      },
      "dependencies": {
        "case-anything": {
          "version": "0.0.1",
          "resolved": "https://registry.npmjs.org/case-anything/-/case-anything-0.0.1.tgz",
          "integrity": "sha512-M7SiPEpDmi57gcybYtX85u17jGRWpvphnS6gWUgNFg8TKPEM1xW8J5gEpHHsPcio27iybLYuj67oGIEcDDxnag=="
        },
        "merge-anything": {
          "version": "2.4.4",
          "resolved": "https://registry.npmjs.org/merge-anything/-/merge-anything-2.4.4.tgz",
          "integrity": "sha512-l5XlriUDJKQT12bH+rVhAHjwIuXWdAIecGwsYjv2LJo+dA1AeRTmeQS+3QBpO6lEthBMDi2IUMpLC1yyRvGlwQ==",
          "requires": {
            "is-what": "^3.3.1"
          }
        }
      }
    },
    "snarkdown": {
      "version": "github:mesqueeb/snarkdown#18c1f0f409ef4debaff63f6836b9c23aa7278ddc",
      "from": "github:mesqueeb/snarkdown#dist"
    },
    "ts-toolbelt": {
      "version": "8.0.7",
      "resolved": "https://registry.npmjs.org/ts-toolbelt/-/ts-toolbelt-8.0.7.tgz",
      "integrity": "sha512-KICHyKxc5Nu34kyoODrEe2+zvuQQaubTJz7pnC5RQ19TH/Jged1xv+h8LBrouaSD310m75oAljYs59LNHkLDkQ=="
    },
    "tslib": {
      "version": "1.13.0",
      "resolved": "https://registry.npmjs.org/tslib/-/tslib-1.13.0.tgz",
      "integrity": "sha512-i/6DQjL8Xf3be4K/E6Wgpekn5Qasl1usyw++dAA35Ue5orEn65VIxOA+YvNNl9HV3qv70T7CNwjODHZrLwvd1Q=="
    }
  }
}
