{
  "name": "@planetar/api-card",
  "version": "0.6.2",
  "lockfileVersion": 1,
  "requires": true,
  "dependencies": {
    "@blitzar/form": {
      "version": "0.0.4",
      "resolved": "https://registry.npmjs.org/@blitzar/form/-/form-0.0.4.tgz",
      "integrity": "sha512-rDFiZi2Kw0ecbinuNL0//4FeqNOLctAwoN131hRZ5Cw80r6bYqiUoTBy2FqL/5Pant2V5BZR9HDh90SWSr+RxQ==",
      "requires": {
        "@blitzar/utils": "^0.0.4",
        "case-anything": "^1.1.2",
        "copy-anything": "^2.0.1",
        "filter-anything": "^2.1.5",
        "is-what": "^3.11.2",
        "map-anything": "^1.0.0",
        "merge-anything": "^3.0.6",
        "nestify-anything": "^1.0.1",
        "quasar": "^1.14.1",
        "snarkdown": "^2.0.0"
      },
      "dependencies": {
        "copy-anything": {
          "version": "2.0.1",
          "resolved": "https://registry.npmjs.org/copy-anything/-/copy-anything-2.0.1.tgz",
          "integrity": "sha512-lA57e7viQHOdPQcrytv5jFeudZZOXuyk47lZym279FiDQ8jeZomXiGuVf6ffMKkJ+3TIai3J1J3yi6M+/4U35g==",
          "requires": {
            "is-what": "^3.7.1"
          }
        },
        "filter-anything": {
          "version": "2.1.5",
          "resolved": "https://registry.npmjs.org/filter-anything/-/filter-anything-2.1.5.tgz",
          "integrity": "sha512-YjdzZe7yW52M+2fu1MY5Y59RX1qG/vdfZL6nxTFCtKCVwnMxQ6vnnuuebWba5o1eRwaf4Nj9d4xuEsc27FhVqQ==",
          "requires": {
            "is-what": "^3.11.2",
            "ts-toolbelt": "8.0.6"
          }
        },
        "nestify-anything": {
          "version": "1.0.1",
          "resolved": "https://registry.npmjs.org/nestify-anything/-/nestify-anything-1.0.1.tgz",
          "integrity": "sha512-oWMRNJo+8EOOJ3Hq5lMzcz/UPZbrfiBSZ21L7ZPp/FhYbU5zst9LKNuURcu0O6H5Jes/KQnrcUcjdRI8sFtzzg==",
          "requires": {
            "merge-anything": "^3.0.5"
          }
        },
        "snarkdown": {
          "version": "2.0.0",
          "resolved": "https://registry.npmjs.org/snarkdown/-/snarkdown-2.0.0.tgz",
          "integrity": "sha512-MgL/7k/AZdXCTJiNgrO7chgDqaB9FGM/1Tvlcenenb7div6obaDATzs16JhFyHHBGodHT3B7RzRc5qk8pFhg3A=="
        },
        "ts-toolbelt": {
          "version": "8.0.6",
          "resolved": "https://registry.npmjs.org/ts-toolbelt/-/ts-toolbelt-8.0.6.tgz",
          "integrity": "sha512-yfWBnQN2NVuNb/T3+RkbfdJiTAIJE8Hgft0L5H9zW7v+Be7sH1D1p8ReUUZt64/BiVw4Vjsbhcx294NBhj2PqA=="
        }
      }
    },
    "@blitzar/utils": {
      "version": "0.0.4",
      "resolved": "https://registry.npmjs.org/@blitzar/utils/-/utils-0.0.4.tgz",
      "integrity": "sha512-msFgNKYAwvTkEtQIMT19zjQ2O+1Hv+tz1HY1mXZQHlf13LpD5k3uDTMW1iaatamMv2v1kCmfeMxsoTWI9snD/w==",
      "requires": {
        "commafy-anything": "^1.1.3",
        "flatten-anything": "^2.0.3",
        "is-what": "^3.11.2"
      },
      "dependencies": {
        "filter-anything": {
          "version": "2.1.5",
          "resolved": "https://registry.npmjs.org/filter-anything/-/filter-anything-2.1.5.tgz",
          "integrity": "sha512-YjdzZe7yW52M+2fu1MY5Y59RX1qG/vdfZL6nxTFCtKCVwnMxQ6vnnuuebWba5o1eRwaf4Nj9d4xuEsc27FhVqQ==",
          "requires": {
            "is-what": "^3.11.2",
            "ts-toolbelt": "8.0.6"
          }
        },
        "flatten-anything": {
          "version": "2.0.3",
          "resolved": "https://registry.npmjs.org/flatten-anything/-/flatten-anything-2.0.3.tgz",
          "integrity": "sha512-y+C0k3aLq2kfBhNzXSe7rpZ2rdjfH/YJs2duq6ANGEJfOKpAj38wghhupbkLYaNks4LC7kM0uS/a/g9tBl+TnQ==",
          "requires": {
            "filter-anything": "^2.1.5",
            "is-what": "^3.11.2"
          }
        },
        "ts-toolbelt": {
          "version": "8.0.6",
          "resolved": "https://registry.npmjs.org/ts-toolbelt/-/ts-toolbelt-8.0.6.tgz",
          "integrity": "sha512-yfWBnQN2NVuNb/T3+RkbfdJiTAIJE8Hgft0L5H9zW7v+Be7sH1D1p8ReUUZt64/BiVw4Vjsbhcx294NBhj2PqA=="
        }
      }
    },
    "case-anything": {
      "version": "1.1.2",
      "resolved": "https://registry.npmjs.org/case-anything/-/case-anything-1.1.2.tgz",
      "integrity": "sha512-rPRbQJ5amW9wKZTlRHErLBZwWr4mWO6WhTkrlLp0XdI/i4JrhLv2wahg5jgmn5Rm2fOUjlmMz6DUH4mnUfWkow=="
    },
    "commafy-anything": {
      "version": "1.1.3",
      "resolved": "https://registry.npmjs.org/commafy-anything/-/commafy-anything-1.1.3.tgz",
      "integrity": "sha512-bDSOvZwh7wQmeqQ/0kzXLeBou/9HKnzJZyEc6gGRBvUn4oLhCdmI3bQ4un82F9xr4lSI5VRjrx0bsLAVimh5xg=="
    },
    "fast-sort": {
      "version": "2.2.0",
      "resolved": "https://registry.npmjs.org/fast-sort/-/fast-sort-2.2.0.tgz",
      "integrity": "sha512-W7zqnn2zsYoQA87FKmYtgOsbJohOrh7XrtZrCVHN5XZKqTBTv5UG+rSS3+iWbg/nepRQUOu+wnas8BwtK8kiCg=="
    },
    "is-what": {
      "version": "3.11.2",
      "resolved": "https://registry.npmjs.org/is-what/-/is-what-3.11.2.tgz",
      "integrity": "sha512-m7LzBsC9TqUhkBrozSmmWfVO7VYnjk9UHu0U+Y8BiJRnc1TYIK/3Qv4DteuiBpn2S4K7n3N4WNC4pe6wEx2xYg=="
    },
    "json5": {
      "version": "2.1.3",
      "resolved": "https://registry.npmjs.org/json5/-/json5-2.1.3.tgz",
      "integrity": "sha512-KXPvOm8K9IJKFM0bmdn8QXh7udDh1g/giieX0NLCaMnb4hEiVFqnop2ImTXCc5e0/oHz3LTqmHGtExn5hfMkOA==",
      "requires": {
        "minimist": "^1.2.5"
      }
    },
    "map-anything": {
      "version": "1.0.0",
      "resolved": "https://registry.npmjs.org/map-anything/-/map-anything-1.0.0.tgz",
      "integrity": "sha512-XDPVkIwzaMFs1hvhx8SdsjGLM5Si2VtdKREtAoW1S+H6FZkLYFJ7giHT+hEA6OFoe0y3Zq7v+dhSpEsPI7OR5Q=="
    },
    "merge-anything": {
      "version": "3.0.6",
      "resolved": "https://registry.npmjs.org/merge-anything/-/merge-anything-3.0.6.tgz",
      "integrity": "sha512-99R1BLqTsYxxQZFsWti71NWawIrP2zgRaJwxARpEZI7XV92PUih6ISgjMaZZwcGzsnAeu1eUwRSli/ec/O3Fug==",
      "requires": {
        "is-what": "^3.11.2",
        "ts-toolbelt": "^8.0.6"
      }
    },
    "minimist": {
      "version": "1.2.5",
      "resolved": "https://registry.npmjs.org/minimist/-/minimist-1.2.5.tgz",
      "integrity": "sha512-FM9nNUYrRBAELZQT3xeZQ7fmMOBg6nWNmJKTcgsJeaLstP/UODVpGsr5OhXhhXg6f+qtJ8uiZ+PUxkDWcgIXLw=="
    },
    "quasar": {
      "version": "1.14.1",
      "resolved": "https://registry.npmjs.org/quasar/-/quasar-1.14.1.tgz",
      "integrity": "sha512-SRv5VbFd/rhKiZjS/jm3yPpe8rYlccin+rI7hyzz7caIBV1nn8+Y20Wf3elm7GjShq5Fj8qmRaGcWmEWXOS+mA=="
    },
    "ts-toolbelt": {
      "version": "8.0.7",
      "resolved": "https://registry.npmjs.org/ts-toolbelt/-/ts-toolbelt-8.0.7.tgz",
      "integrity": "sha512-KICHyKxc5Nu34kyoODrEe2+zvuQQaubTJz7pnC5RQ19TH/Jged1xv+h8LBrouaSD310m75oAljYs59LNHkLDkQ=="
    }
  }
}
