{
  "name": "@planetar/atoms",
  "version": "0.0.0",
  "lockfileVersion": 1,
  "requires": true,
  "dependencies": {
    "quasar": {
      "version": "1.10.3",
      "resolved": "https://registry.npmjs.org/quasar/-/quasar-1.10.3.tgz",
      "integrity": "sha512-yVJeMiBljBvxrLEPxTaO0TLGcvJDnIaBrVWrymFquBLhGcRgWHfZWMBbM6o3GDScjmOFdeSEWzIx704ggKgpYQ=="
    }
  }
}
