{
	"name": "@planetar/atoms",
	"version": "0.4.5",
	"lockfileVersion": 2,
	"requires": true,
	"packages": {
		"": {
			"name": "@planetar/atoms",
			"version": "0.4.5",
			"license": "MIT",
			"dependencies": {
				"quasar": "^1.14.7"
			}
		},
		"node_modules/quasar": {
			"version": "1.14.7",
			"resolved": "https://registry.npmjs.org/quasar/-/quasar-1.14.7.tgz",
			"integrity": "sha512-AP++F9xNEmzdK4zEjYBgEF0lifg3LBIrE24weUyQqS/jNQ22YT1cGyqDzWrfScaGLmRdm27R6eWLsbT4Qnh3Pg==",
			"engines": {
				"node": ">= 10.0.0",
				"npm": ">= 5.6.0",
				"yarn": ">= 1.6.0"
			},
			"funding": {
				"type": "github",
				"url": "https://donate.quasar.dev"
			}
		}
	},
	"dependencies": {
		"quasar": {
			"version": "1.14.7",
			"resolved": "https://registry.npmjs.org/quasar/-/quasar-1.14.7.tgz",
			"integrity": "sha512-AP++F9xNEmzdK4zEjYBgEF0lifg3LBIrE24weUyQqS/jNQ22YT1cGyqDzWrfScaGLmRdm27R6eWLsbT4Qnh3Pg=="
		}
	}
}
