{
  "name": "@planetar/atoms",
  "version": "0.1.1",
  "lockfileVersion": 1,
  "requires": true,
  "dependencies": {
    "quasar": {
      "version": "1.12.12",
      "resolved": "https://registry.npmjs.org/quasar/-/quasar-1.12.12.tgz",
      "integrity": "sha512-5q+sHCmfaCDqlFRyaZGKUjOHxxiYnlH8RUlr5yfIsAbvv7BZhTJAjZf4MuvdxqI8DBt4G8CAzHdUhaKlhVTIBQ=="
    }
  }
}
