{
  "name": "@planetar/atoms",
  "version": "0.0.5",
  "lockfileVersion": 1,
  "requires": true,
  "dependencies": {
    "quasar": {
      "version": "1.12.10",
      "resolved": "https://registry.npmjs.org/quasar/-/quasar-1.12.10.tgz",
      "integrity": "sha512-O8BQeRIfA/oun5YwUV7aMeKhqfmGy38EqTf4lWxPXhVo3Bs4ZN4r6DeR2X8OQHqr76fblQWxU48uPIZgB68VBg=="
    }
  }
}
